<?xml version="1.0" encoding="utf-8"?>
<Project ToolsVersion="4.0" xmlns="http://schemas.microsoft.com/developer/msbuild/2003">
  <ItemGroup>
    <Filter Include="MaxEngine">
      <UniqueIdentifier>{C16EBD3E-2DD9-71B5-7617-235BE2C04F0A}</UniqueIdentifier>
    </Filter>
  </ItemGroup>
  <ItemGroup>
    <ClInclude Include="src\MaxEngine.h" />
    <ClInclude Include="src\MaxEngine\Application.h">
      <Filter>MaxEngine</Filter>
    </ClInclude>
    <ClInclude Include="src\MaxEngine\Core.h">
      <Filter>MaxEngine</Filter>
    </ClInclude>
    <ClInclude Include="src\MaxEngine\EntryPoint.h">
      <Filter>MaxEngine</Filter>
    </ClInclude>
    <ClInclude Include="src\MaxEngine\Log.h">
      <Filter>MaxEngine</Filter>
    </ClInclude>
  </ItemGroup>
  <ItemGroup>
    <ClCompile Include="src\MaxEngine\Application.cpp">
      <Filter>MaxEngine</Filter>
    </ClCompile>
    <ClCompile Include="src\MaxEngine\Log.cpp">
      <Filter>MaxEngine</Filter>
    </ClCompile>
  </ItemGroup>
</Project>